GEM
  remote: https://rubygems.org/
  specs:
    hiera-eyaml (2.1.0)
      highline (~> 1.6.19)
      trollop (~> 2.0)
    hiera-eyaml-gpg (0.6)
      hiera-eyaml (>= 1.3.8)
    highline (1.6.21)
    ruby_gpg (0.3.2)
    trollop (2.1.2)

PLATFORMS
  ruby

DEPENDENCIES
  hiera-eyaml
  hiera-eyaml-gpg
  ruby_gpg

BUNDLED WITH
   1.16.1
